
Microsoft Visual Studio Solution File, Format Version 12.00
# Visual Studio Version 17
VisualStudioVersion = 17.13.35828.75 d17.13
MinimumVisualStudioVersion = 10.0.40219.1
Project("{FAE04EC0-301F-11D3-BF4B-00C04F79EFBC}") = "v25", "v25.csproj", "{317DC98A-7262-4236-99A4-8FC72C2F7765}"
EndProject
Global
	GlobalSection(SolutionConfigurationPlatforms) = preSolution
		Debug|Any CPU = Debug|Any CPU
		Release|Any CPU = Release|Any CPU
	EndGlobalSection
	GlobalSection(ProjectConfigurationPlatforms) = postSolution
		{317DC98A-7262-4236-99A4-8FC72C2F7765}.Debug|Any CPU.ActiveCfg = Debug|Any CPU
		{317DC98A-7262-4236-99A4-8FC72C2F7765}.Debug|Any CPU.Build.0 = Debug|Any CPU
		{317DC98A-7262-4236-99A4-8FC72C2F7765}.Release|Any CPU.ActiveCfg = Release|Any CPU
		{317DC98A-7262-4236-99A4-8FC72C2F7765}.Release|Any CPU.Build.0 = Release|Any CPU
	EndGlobalSection
	GlobalSection(SolutionProperties) = preSolution
		HideSolutionNode = FALSE
	EndGlobalSection
	GlobalSection(ExtensibilityGlobals) = postSolution
		SolutionGuid = {E50264D5-4273-4696-A5A8-473BE0C11763}
	EndGlobalSection
EndGlobal
