
Microsoft Visual Studio Solution File, Format Version 12.00
# Visual Studio Version 17
VisualStudioVersion = 17.13.35931.197 d17.13
MinimumVisualStudioVersion = 10.0.40219.1
Project("{FAE04EC0-301F-11D3-BF4B-00C04F79EFBC}") = "WebApplication7", "WebApplication7.csproj", "{4EA9664C-AD1B-4D13-9DC7-DAA04B299375}"
EndProject
Global
	GlobalSection(SolutionConfigurationPlatforms) = preSolution
		Debug|Any CPU = Debug|Any CPU
		Release|Any CPU = Release|Any CPU
	EndGlobalSection
	GlobalSection(ProjectConfigurationPlatforms) = postSolution
		{4EA9664C-AD1B-4D13-9DC7-DAA04B299375}.Debug|Any CPU.ActiveCfg = Debug|Any CPU
		{4EA9664C-AD1B-4D13-9DC7-DAA04B299375}.Debug|Any CPU.Build.0 = Debug|Any CPU
		{4EA9664C-AD1B-4D13-9DC7-DAA04B299375}.Release|Any CPU.ActiveCfg = Release|Any CPU
		{4EA9664C-AD1B-4D13-9DC7-DAA04B299375}.Release|Any CPU.Build.0 = Release|Any CPU
	EndGlobalSection
	GlobalSection(SolutionProperties) = preSolution
		HideSolutionNode = FALSE
	EndGlobalSection
	GlobalSection(ExtensibilityGlobals) = postSolution
		SolutionGuid = {8243D36B-4A40-48E1-BCC5-2EFF0E55A954}
	EndGlobalSection
EndGlobal
