
Microsoft Visual Studio Solution File, Format Version 12.00
# Visual Studio Version 17
VisualStudioVersion = 17.13.35931.197 d17.13
MinimumVisualStudioVersion = 10.0.40219.1
Project("{FAE04EC0-301F-11D3-BF4B-00C04F79EFBC}") = "WebApplication17", "WebApplication17.csproj", "{7D6A7D08-55F0-4AED-8DBD-96CBD949D48D}"
EndProject
Global
	GlobalSection(SolutionConfigurationPlatforms) = preSolution
		Debug|Any CPU = Debug|Any CPU
		Release|Any CPU = Release|Any CPU
	EndGlobalSection
	GlobalSection(ProjectConfigurationPlatforms) = postSolution
		{7D6A7D08-55F0-4AED-8DBD-96CBD949D48D}.Debug|Any CPU.ActiveCfg = Debug|Any CPU
		{7D6A7D08-55F0-4AED-8DBD-96CBD949D48D}.Debug|Any CPU.Build.0 = Debug|Any CPU
		{7D6A7D08-55F0-4AED-8DBD-96CBD949D48D}.Release|Any CPU.ActiveCfg = Release|Any CPU
		{7D6A7D08-55F0-4AED-8DBD-96CBD949D48D}.Release|Any CPU.Build.0 = Release|Any CPU
	EndGlobalSection
	GlobalSection(SolutionProperties) = preSolution
		HideSolutionNode = FALSE
	EndGlobalSection
	GlobalSection(ExtensibilityGlobals) = postSolution
		SolutionGuid = {07A65419-9DC6-4243-BCBF-E428B345D839}
	EndGlobalSection
EndGlobal
